Microsoft Visual Studio Solution File, Format Version 12.00
# Visual Studio Version 17
VisualStudioVersion = 17.5.2.0
MinimumVisualStudioVersion = 10.0.40219.1
Project("{FAE04EC0-301F-11D3-BF4B-00C04F79EFBC}") = "Password-main", "Password-main.csproj", "{2217D97D-2813-9C47-6C41-8C812D8F7490}"
EndProject
Global
	GlobalSection(SolutionConfigurationPlatforms) = preSolution
		Debug|Any CPU = Debug|Any CPU
		Release|Any CPU = Release|Any CPU
	EndGlobalSection
	GlobalSection(ProjectConfigurationPlatforms) = postSolution
		{2217D97D-2813-9C47-6C41-8C812D8F7490}.Debug|Any CPU.ActiveCfg = Debug|Any CPU
		{2217D97D-2813-9C47-6C41-8C812D8F7490}.Debug|Any CPU.Build.0 = Debug|Any CPU
		{2217D97D-2813-9C47-6C41-8C812D8F7490}.Release|Any CPU.ActiveCfg = Release|Any CPU
		{2217D97D-2813-9C47-6C41-8C812D8F7490}.Release|Any CPU.Build.0 = Release|Any CPU
	EndGlobalSection
	GlobalSection(SolutionProperties) = preSolution
		HideSolutionNode = FALSE
	EndGlobalSection
	GlobalSection(ExtensibilityGlobals) = postSolution
		SolutionGuid = {0019D3E2-D2FC-45D9-8B1B-2117995F2E3D}
	EndGlobalSection
EndGlobal
